
Microsoft Visual Studio Solution File, Format Version 12.00
# Visual Studio Version 17
VisualStudioVersion = 17.5.002.0
MinimumVisualStudioVersion = 10.0.40219.1
Project("{9A19103F-16F7-4668-BE54-9A1E7A4F7556}") = "Task1", "Task1\Task1.csproj", "{3F421D09-AFC1-4141-8B3B-9F08E6652003}"
EndProject
Global
	GlobalSection(SolutionConfigurationPlatforms) = preSolution
		Debug|Any CPU = Debug|Any CPU
		Release|Any CPU = Release|Any CPU
	EndGlobalSection
	GlobalSection(ProjectConfigurationPlatforms) = postSolution
		{3F421D09-AFC1-4141-8B3B-9F08E6652003}.Debug|Any CPU.ActiveCfg = Debug|Any CPU
		{3F421D09-AFC1-4141-8B3B-9F08E6652003}.Debug|Any CPU.Build.0 = Debug|Any CPU
		{3F421D09-AFC1-4141-8B3B-9F08E6652003}.Release|Any CPU.ActiveCfg = Release|Any CPU
		{3F421D09-AFC1-4141-8B3B-9F08E6652003}.Release|Any CPU.Build.0 = Release|Any CPU
	EndGlobalSection
	GlobalSection(SolutionProperties) = preSolution
		HideSolutionNode = FALSE
	EndGlobalSection
	GlobalSection(ExtensibilityGlobals) = postSolution
		SolutionGuid = {0A4B9061-A4E1-43AC-9BA0-AD24F6938735}
	EndGlobalSection
EndGlobal
